// !$*UTF8*$!
{
	archiveVersion = 1;
	classes = {
	};
	objectVersion = 50;
	objects = {

/* Begin PBXBuildFile section */
		844BD2F2263448A5002294DA /* AppDelegate.swift in Sources */ = {isa = PBXBuildFile; fileRef = 844BD2F1263448A5002294DA /* AppDelegate.swift */; };
		844BD2F4263448A5002294DA /* SceneDelegate.swift in Sources */ = {isa = PBXBuildFile; fileRef = 844BD2F3263448A5002294DA /* SceneDelegate.swift */; };
		844BD2F6263448A5002294DA /* ViewController.swift in Sources */ = {isa = PBXBuildFile; fileRef = 844BD2F5263448A5002294DA /* ViewController.swift */; };
		844BD2F9263448A5002294DA /* Main.storyboard in Resources */ = {isa = PBXBuildFile; fileRef = 844BD2F7263448A5002294DA /* Main.storyboard */; };
		844BD2FB263448AC002294DA /* Assets.xcassets in Resources */ = {isa = PBXBuildFile; fileRef = 844BD2FA263448AC002294DA /* Assets.xcassets */; };
		844BD2FE263448AC002294DA /* LaunchScreen.storyboard in Resources */ = {isa = PBXBuildFile; fileRef = 844BD2FC263448AC002294DA /* LaunchScreen.storyboard */; };
		844BD30726344C98002294DA /* CustomTableViewCell.swift in Sources */ = {isa = PBXBuildFile; fileRef = 844BD30626344C98002294DA /* CustomTableViewCell.swift */; };
/* End PBXBuildFile section */

/* Begin PBXFileReference section */
		844BD2EE263448A5002294DA /* Delegate and Datasource pattern.app */ = {isa = PBXFileReference; explicitFileType = wrapper.application; includeInIndex = 0; path = "Delegate and Datasource pattern.app"; sourceTree = BUILT_PRODUCTS_DIR; };
		844BD2F1263448A5002294DA /* AppDelegate.swift */ = {isa = PBXFileReference; lastKnownFileType = sourcecode.swift; path = AppDelegate.swift; sourceTree = "<group>"; };
		844BD2F3263448A5002294DA /* SceneDelegate.swift */ = {isa = PBXFileReference; lastKnownFileType = sourcecode.swift; path = SceneDelegate.swift; sourceTree = "<group>"; };
		844BD2F5263448A5002294DA /* ViewController.swift */ = {isa = PBXFileReference; lastKnownFileType = sourcecode.swift; path = ViewController.swift; sourceTree = "<group>"; };
		844BD2F8263448A5002294DA /* Base */ = {isa = PBXFileReference; lastKnownFileType = file.storyboard; name = Base; path = Base.lproj/Main.storyboard; sourceTree = "<group>"; };
		844BD2FA263448AC002294DA /* Assets.xcassets */ = {isa = PBXFileReference; lastKnownFileType = folder.assetcatalog; path = Assets.xcassets; sourceTree = "<group>"; };
		844BD2FD263448AC002294DA /* Base */ = {isa = PBXFileReference; lastKnownFileType = file.storyboard; name = Base; path = Base.lproj/LaunchScreen.storyboard; sourceTree = "<group>"; };
		844BD2FF263448AC002294DA /* Info.plist */ = {isa = PBXFileReference; lastKnownFileType = text.plist.xml; path = Info.plist; sourceTree = "<group>"; };
		844BD30626344C98002294DA /* CustomTableViewCell.swift */ = {isa = PBXFileReference; lastKnownFileType = sourcecode.swift; path = CustomTableViewCell.swift; sourceTree = "<group>"; };
/* End PBXFileReference section */

/* Begin PBXFrameworksBuildPhase section */
		844BD2EB263448A5002294DA /* Frameworks */ = {
			isa = PBXFrameworksBuildPhase;
			buildActionMask = 2147483647;
			files = (
			);
			runOnlyForDeploymentPostprocessing = 0;
		};
/* End PBXFrameworksBuildPhase section */

/* Begin PBXGroup section */
		844BD2E5263448A5002294DA = {
			isa = PBXGroup;
			children = (
				844BD2F0263448A5002294DA /* Delegate and Datasource pattern */,
				844BD2EF263448A5002294DA /* Products */,
			);
			sourceTree = "<group>";
		};
		844BD2EF263448A5002294DA /* Products */ = {
			isa = PBXGroup;
			children = (
				844BD2EE263448A5002294DA /* Delegate and Datasource pattern.app */,
			);
			name = Products;
			sourceTree = "<group>";
		};
		844BD2F0263448A5002294DA /* Delegate and Datasource pattern */ = {
			isa = PBXGroup;
			children = (
				844BD2F1263448A5002294DA /* AppDelegate.swift */,
				844BD2F3263448A5002294DA /* SceneDelegate.swift */,
				844BD2F5263448A5002294DA /* ViewController.swift */,
				844BD30626344C98002294DA /* CustomTableViewCell.swift */,
				844BD2F7263448A5002294DA /* Main.storyboard */,
				844BD2FA263448AC002294DA /* Assets.xcassets */,
				844BD2FC263448AC002294DA /* LaunchScreen.storyboard */,
				844BD2FF263448AC002294DA /* Info.plist */,
			);
			path = "Delegate and Datasource pattern";
			sourceTree = "<group>";
		};
/* End PBXGroup section */

/* Begin PBXNativeTarget section */
		844BD2ED263448A5002294DA /* Delegate and Datasource pattern */ = {
			isa = PBXNativeTarget;
			buildConfigurationList = 844BD302263448AC002294DA /* Build configuration list for PBXNativeTarget "Delegate and Datasource pattern" */;
			buildPhases = (
				844BD2EA263448A5002294DA /* Sources */,
				844BD2EB263448A5002294DA /* Frameworks */,
				844BD2EC263448A5002294DA /* Resources */,
			);
			buildRules = (
			);
			dependencies = (
			);
			name = "Delegate and Datasource pattern";
			productName = "Delegate and Datasource pattern";
			productReference = 844BD2EE263448A5002294DA /* Delegate and Datasource pattern.app */;
			productType = "com.apple.product-type.application";
		};
/* End PBXNativeTarget section */

/* Begin PBXProject section */
		844BD2E6263448A5002294DA /* Project object */ = {
			isa = PBXProject;
			attributes = {
				LastSwiftUpdateCheck = 1240;
				LastUpgradeCheck = 1240;
				TargetAttributes = {
					844BD2ED263448A5002294DA = {
						CreatedOnToolsVersion = 12.4;
					};
				};
			};
			buildConfigurationList = 844BD2E9263448A5002294DA /* Build configuration list for PBXProject "Delegate and Datasource pattern" */;
			compatibilityVersion = "Xcode 9.3";
			developmentRegion = en;
			hasScannedForEncodings = 0;
			knownRegions = (
				en,
				Base,
			);
			mainGroup = 844BD2E5263448A5002294DA;
			productRefGroup = 844BD2EF263448A5002294DA /* Products */;
			projectDirPath = "";
			projectRoot = "";
			targets = (
				844BD2ED263448A5002294DA /* Delegate and Datasource pattern */,
			);
		};
/* End PBXProject section */

/* Begin PBXResourcesBuildPhase section */
		844BD2EC263448A5002294DA /* Resources */ = {
			isa = PBXResourcesBuildPhase;
			buildActionMask = 2147483647;
			files = (
				844BD2FE263448AC002294DA /* LaunchScreen.storyboard in Resources */,
				844BD2FB263448AC002294DA /* Assets.xcassets in Resources */,
				844BD2F9263448A5002294DA /* Main.storyboard in Resources */,
			);
			runOnlyForDeploymentPostprocessing = 0;
		};
/* End PBXResourcesBuildPhase section */

/* Begin PBXSourcesBuildPhase section */
		844BD2EA263448A5002294DA /* Sources */ = {
			isa = PBXSourcesBuildPhase;
			buildActionMask = 2147483647;
			files = (
				844BD2F6263448A5002294DA /* ViewController.swift in Sources */,
				844BD2F2263448A5002294DA /* AppDelegate.swift in Sources */,
				844BD30726344C98002294DA /* CustomTableViewCell.swift in Sources */,
				844BD2F4263448A5002294DA /* SceneDelegate.swift in Sources */,
			);
			runOnlyForDeploymentPostprocessing = 0;
		};
/* End PBXSourcesBuildPhase section */

/* Begin PBXVariantGroup section */
		844BD2F7263448A5002294DA /* Main.storyboard */ = {
			isa = PBXVariantGroup;
			children = (
				844BD2F8263448A5002294DA /* Base */,
			);
			name = Main.storyboard;
			sourceTree = "<group>";
		};
		844BD2FC263448AC002294DA /* LaunchScreen.storyboard */ = {
			isa = PBXVariantGroup;
			children = (
				844BD2FD263448AC002294DA /* Base */,
			);
			name = LaunchScreen.storyboard;
			sourceTree = "<group>";
		};
/* End PBXVariantGroup section */

/* Begin XCBuildConfiguration section */
		844BD300263448AC002294DA /* Debug */ = {
			isa = XCBuildConfiguration;
			buildSettings = {
				ALWAYS_SEARCH_USER_PATHS = NO;
				CLANG_ANALYZER_NONNULL = YES;
				CLANG_ANALYZER_NUMBER_OBJECT_CONVERSION = YES_AGGRESSIVE;
				CLANG_CXX_LANGUAGE_STANDARD = "gnu++14";
				CLANG_CXX_LIBRARY = "libc++";
				CLANG_ENABLE_MODULES = YES;
				CLANG_ENABLE_OBJC_ARC = YES;
				CLANG_ENABLE_OBJC_WEAK = YES;
				CLANG_WARN_BLOCK_CAPTURE_AUTORELEASING = YES;
				CLANG_WARN_BOOL_CONVERSION = YES;
				CLANG_WARN_COMMA = YES;
				CLANG_WARN_CONSTANT_CONVERSION = YES;
				CLANG_WARN_DEPRECATED_OBJC_IMPLEMENTATIONS = YES;
				CLANG_WARN_DIRECT_OBJC_ISA_USAGE = YES_ERROR;
				CLANG_WARN_DOCUMENTATION_COMMENTS = YES;
				CLANG_WARN_EMPTY_BODY = YES;
				CLANG_WARN_ENUM_CONVERSION = YES;
				CLANG_WARN_INFINITE_RECURSION = YES;
				CLANG_WARN_INT_CONVERSION = YES;
				CLANG_WARN_NON_LITERAL_NULL_CONVERSION = YES;
				CLANG_WARN_OBJC_IMPLICIT_RETAIN_SELF = YES;
				CLANG_WARN_OBJC_LITERAL_CONVERSION = YES;
				CLANG_WARN_OBJC_ROOT_CLASS = YES_ERROR;
				CLANG_WARN_QUOTED_INCLUDE_IN_FRAMEWORK_HEADER = YES;
				CLANG_WARN_RANGE_LOOP_ANALYSIS = YES;
				CLANG_WARN_STRICT_PROTOTYPES = YES;
				CLANG_WARN_SUSPICIOUS_MOVE = YES;
				CLANG_WARN_UNGUARDED_AVAILABILITY = YES_AGGRESSIVE;
				CLANG_WARN_UNREACHABLE_CODE = YES;
				CLANG_WARN__DUPLICATE_METHOD_MATCH = YES;
				COPY_PHASE_STRIP = NO;
				DEBUG_INFORMATION_FORMAT = dwarf;
				ENABLE_STRICT_OBJC_MSGSEND = YES;
				ENABLE_TESTABILITY = YES;
				GCC_C_LANGUAGE_STANDARD = gnu11;
				GCC_DYNAMIC_NO_PIC = NO;
				GCC_NO_COMMON_BLOCKS = YES;
				GCC_OPTIMIZATION_LEVEL = 0;
				GCC_PREPROCESSOR_DEFINITIONS = (
					"DEBUG=1",
					"$(inherited)",
				);
				GCC_WARN_64_TO_32_BIT_CONVERSION = YES;
				GCC_WARN_ABOUT_RETURN_TYPE = YES_ERROR;
				GCC_WARN_UNDECLARED_SELECTOR = YES;
				GCC_WARN_UNINITIALIZED_AUTOS = YES_AGGRESSIVE;
				GCC_WARN_UNUSED_FUNCTION = YES;
				GCC_WARN_UNUSED_VARIABLE = YES;
				IPHONEOS_DEPLOYMENT_TARGET = 14.4;
				MTL_ENABLE_DEBUG_INFO = INCLUDE_SOURCE;
				MTL_FAST_MATH = YES;
				ONLY_ACTIVE_ARCH = YES;
				SDKROOT = iphoneos;
				SWIFT_ACTIVE_COMPILATION_CONDITIONS = DEBUG;
				SWIFT_OPTIMIZATION_LEVEL = "-Onone";
			};
			name = Debug;
		};
		844BD301263448AC002294DA /* Release */ = {
			isa = XCBuildConfiguration;
			buildSettings = {
				ALWAYS_SEARCH_USER_PATHS = NO;
				CLANG_ANALYZER_NONNULL = YES;
				CLANG_ANALYZER_NUMBER_OBJECT_CONVERSION = YES_AGGRESSIVE;
				CLANG_CXX_LANGUAGE_STANDARD = "gnu++14";
				CLANG_CXX_LIBRARY = "libc++";
				CLANG_ENABLE_MODULES = YES;
				CLANG_ENABLE_OBJC_ARC = YES;
				CLANG_ENABLE_OBJC_WEAK = YES;
				CLANG_WARN_BLOCK_CAPTURE_AUTORELEASING = YES;
				CLANG_WARN_BOOL_CONVERSION = YES;
				CLANG_WARN_COMMA = YES;
				CLANG_WARN_CONSTANT_CONVERSION = YES;
				CLANG_WARN_DEPRECATED_OBJC_IMPLEMENTATIONS = YES;
				CLANG_WARN_DIRECT_OBJC_ISA_USAGE = YES_ERROR;
				CLANG_WARN_DOCUMENTATION_COMMENTS = YES;
				CLANG_WARN_EMPTY_BODY = YES;
				CLANG_WARN_ENUM_CONVERSION = YES;
				CLANG_WARN_INFINITE_RECURSION = YES;
				CLANG_WARN_INT_CONVERSION = YES;
				CLANG_WARN_NON_LITERAL_NULL_CONVERSION = YES;
				CLANG_WARN_OBJC_IMPLICIT_RETAIN_SELF = YES;
				CLANG_WARN_OBJC_LITERAL_CONVERSION = YES;
				CLANG_WARN_OBJC_ROOT_CLASS = YES_ERROR;
				CLANG_WARN_QUOTED_INCLUDE_IN_FRAMEWORK_HEADER = YES;
				CLANG_WARN_RANGE_LOOP_ANALYSIS = YES;
				CLANG_WARN_STRICT_PROTOTYPES = YES;
				CLANG_WARN_SUSPICIOUS_MOVE = YES;
				CLANG_WARN_UNGUARDED_AVAILABILITY = YES_AGGRESSIVE;
				CLANG_WARN_UNREACHABLE_CODE = YES;
				CLANG_WARN__DUPLICATE_METHOD_MATCH = YES;
				COPY_PHASE_STRIP = NO;
				DEBUG_INFORMATION_FORMAT = "dwarf-with-dsym";
				ENABLE_NS_ASSERTIONS = NO;
				ENABLE_STRICT_OBJC_MSGSEND = YES;
				GCC_C_LANGUAGE_STANDARD = gnu11;
				GCC_NO_COMMON_BLOCKS = YES;
				GCC_WARN_64_TO_32_BIT_CONVERSION = YES;
				GCC_WARN_ABOUT_RETURN_TYPE = YES_ERROR;
				GCC_WARN_UNDECLARED_SELECTOR = YES;
				GCC_WARN_UNINITIALIZED_AUTOS = YES_AGGRESSIVE;
				GCC_WARN_UNUSED_FUNCTION = YES;
				GCC_WARN_UNUSED_VARIABLE = YES;
				IPHONEOS_DEPLOYMENT_TARGET = 14.4;
				MTL_ENABLE_DEBUG_INFO = NO;
				MTL_FAST_MATH = YES;
				SDKROOT = iphoneos;
				SWIFT_COMPILATION_MODE = wholemodule;
				SWIFT_OPTIMIZATION_LEVEL = "-O";
				VALIDATE_PRODUCT = YES;
			};
			name = Release;
		};
		844BD303263448AC002294DA /* Debug */ = {
			isa = XCBuildConfiguration;
			buildSettings = {
				ASSETCATALOG_COMPILER_APPICON_NAME = AppIcon;
				ASSETCATALOG_COMPILER_GLOBAL_ACCENT_COLOR_NAME = AccentColor;
				CODE_SIGN_STYLE = Automatic;
				INFOPLIST_FILE = "Delegate and Datasource pattern/Info.plist";
				LD_RUNPATH_SEARCH_PATHS = (
					"$(inherited)",
					"@executable_path/Frameworks",
				);
				PRODUCT_BUNDLE_IDENTIFIER = "apple.com.Delegate-and-Datasource-pattern";
				PRODUCT_NAME = "$(TARGET_NAME)";
				SWIFT_VERSION = 5.0;
				TARGETED_DEVICE_FAMILY = "1,2";
			};
			name = Debug;
		};
		844BD304263448AC002294DA /* Release */ = {
			isa = XCBuildConfiguration;
			buildSettings = {
				ASSETCATALOG_COMPILER_APPICON_NAME = AppIcon;
				ASSETCATALOG_COMPILER_GLOBAL_ACCENT_COLOR_NAME = AccentColor;
				CODE_SIGN_STYLE = Automatic;
				INFOPLIST_FILE = "Delegate and Datasource pattern/Info.plist";
				LD_RUNPATH_SEARCH_PATHS = (
					"$(inherited)",
					"@executable_path/Frameworks",
				);
				PRODUCT_BUNDLE_IDENTIFIER = "apple.com.Delegate-and-Datasource-pattern";
				PRODUCT_NAME = "$(TARGET_NAME)";
				SWIFT_VERSION = 5.0;
				TARGETED_DEVICE_FAMILY = "1,2";
			};
			name = Release;
		};
/* End XCBuildConfiguration section */

/* Begin XCConfigurationList section */
		844BD2E9263448A5002294DA /* Build configuration list for PBXProject "Delegate and Datasource pattern" */ = {
			isa = XCConfigurationList;
			buildConfigurations = (
				844BD300263448AC002294DA /* Debug */,
				844BD301263448AC002294DA /* Release */,
			);
			defaultConfigurationIsVisible = 0;
			defaultConfigurationName = Release;
		};
		844BD302263448AC002294DA /* Build configuration list for PBXNativeTarget "Delegate and Datasource pattern" */ = {
			isa = XCConfigurationList;
			buildConfigurations = (
				844BD303263448AC002294DA /* Debug */,
				844BD304263448AC002294DA /* Release */,
			);
			defaultConfigurationIsVisible = 0;
			defaultConfigurationName = Release;
		};
/* End XCConfigurationList section */
	};
	rootObject = 844BD2E6263448A5002294DA /* Project object */;
}
